// !$*UTF8*$!
{
	archiveVersion = 1;
	classes = {
	};
	objectVersion = 56;
	objects = {

/* Begin PBXBuildFile section */
		00A67028FB3E453DAA5952E8C68DECC7 /* RecordingState.swift in Sources */ = {isa = PBXBuildFile; fileRef = A8095C99A3EF4910A30AC59CFF8612D1 /* RecordingState.swift */; };
		120299DFCF937CAFED5000C4 /* CaptureMode.swift in Sources */ = {isa = PBXBuildFile; fileRef = 9DDD32C5C3AC03734263522B /* CaptureMode.swift */; };
		20E76300D3EE47AB953940282B5D25FA /* DualCameraView.swift in Sources */ = {isa = PBXBuildFile; fileRef = EF8E16A415184B3DB6C1547BEA35E2E5 /* DualCameraView.swift */; };
		23F2CE126CE94684A931C2D86A454125 /* CameraConfiguration.swift in Sources */ = {isa = PBXBuildFile; fileRef = DF4AB8B5642247F485F793FCA15EC10B /* CameraConfiguration.swift */; };
		40DA51F71067ADCB361C121A /* AdvancedControlsView.swift in Sources */ = {isa = PBXBuildFile; fileRef = AD5DBDB342F72CDC025A563F /* AdvancedControlsView.swift */; };
		41316D26A71A48EEA14207102E859201 /* CameraLabel.swift in Sources */ = {isa = PBXBuildFile; fileRef = 7C52A261536B4DF9884C339B2EA9BF5C /* CameraLabel.swift */; };
		419F3AB0FF6943B3B37719CC7A471E34 /* PermissionView.swift in Sources */ = {isa = PBXBuildFile; fileRef = 84E85F453B934DDCA89888BC4DAB45F1 /* PermissionView.swift */; };
		44EC9CDFCCC94459B46A4DDFF1D46A83 /* GlassEffect.swift in Sources */ = {isa = PBXBuildFile; fileRef = FDB4C09FF5CC46CABF18F52ECC339343 /* GlassEffect.swift */; };
		51200C05E5C29189ED6B8AF3 /* ZoomControl.swift in Sources */ = {isa = PBXBuildFile; fileRef = 68E3398A0DE28D565958AA48 /* ZoomControl.swift */; };
		54D33078169781FA90A898DE /* GalleryViewModel.swift in Sources */ = {isa = PBXBuildFile; fileRef = C0E730F0A2E0FD8F23D32FFB /* GalleryViewModel.swift */; };
		5CE94F1CDC8140CE8ADC22C0FA13086A /* RecordingIndicator.swift in Sources */ = {isa = PBXBuildFile; fileRef = AD32DF5E5BE044A18FF3F687E91535BE /* RecordingIndicator.swift */; };
		69946CC0A9684DDE82E3760FD11998E2 /* SettingsView.swift in Sources */ = {isa = PBXBuildFile; fileRef = D130B1CC4A4D407EA134161D6C50EDBA /* SettingsView.swift */; };
		714C046E82B8DC623CFD84D1 /* PremiumUpgradeView.swift in Sources */ = {isa = PBXBuildFile; fileRef = 92C316F8CDAFCFA96B2BF88D /* PremiumUpgradeView.swift */; };
		715F45837CD34CBAB78C6B7703AFC8E5 /* DualCameraManager.swift in Sources */ = {isa = PBXBuildFile; fileRef = 116DC056E3414CA280B0BB4561269946 /* DualCameraManager.swift */; };
		780C7E4EDB564945AFE9120D35E858FF /* DualLensProApp.swift in Sources */ = {isa = PBXBuildFile; fileRef = 6204DFF1975846BEA2F90766027AEAB3 /* DualLensProApp.swift */; };
		7C56031A8A0B487CBA8D21A6023445A0 /* Assets.xcassets in Resources */ = {isa = PBXBuildFile; fileRef = 92FBAED9CF9D4A368447E4566D7F9264 /* Assets.xcassets */; };
		83804F8EAFABC7D7FAA2500C /* PremiumUpgradeButton.swift in Sources */ = {isa = PBXBuildFile; fileRef = A6FC3C369C7DB6CC8202A073 /* PremiumUpgradeButton.swift */; };
		895F9277571725B7CFEC17A3 /* ModeSelectorView.swift in Sources */ = {isa = PBXBuildFile; fileRef = AE87C23CF29E890548E4E208 /* ModeSelectorView.swift */; };
		8BDED1C8BD16C091EB45D296 /* ZoomControlView.swift in Sources */ = {isa = PBXBuildFile; fileRef = F8BC9AA5484E0EC7BA9620AA /* ZoomControlView.swift */; };
		8D02213DC71997315D8AE8C6 /* ModeSelector.swift in Sources */ = {isa = PBXBuildFile; fileRef = C1699D10C6D68C13DBA54629 /* ModeSelector.swift */; };
		8E0ABAFF27D1589F175F9A90 /* PhotoLibraryService.swift in Sources */ = {isa = PBXBuildFile; fileRef = 40AAFA5B7339E6421FC257FE /* PhotoLibraryService.swift */; };
		92A1E52008B0DF93A3B8351C /* RecordingLimitWarningView.swift in Sources */ = {isa = PBXBuildFile; fileRef = 7CD31B5A9C2699430B988D53 /* RecordingLimitWarningView.swift */; };
		960A5DA24588F26ED18E5903 /* AspectRatioButton.swift in Sources */ = {isa = PBXBuildFile; fileRef = 6E889333AECFA0A37307210D /* AspectRatioButton.swift */; };
		9695D2CE56BE337E370B6D7B /* TimerCountdownView.swift in Sources */ = {isa = PBXBuildFile; fileRef = 878B76AF4184B7E3FF70C46E /* TimerCountdownView.swift */; };
		9E4A11B3E5A34638BC133829FAA73124 /* GridOverlay.swift in Sources */ = {isa = PBXBuildFile; fileRef = 45D40699E0C54B34A3C2FAFB302B124A /* GridOverlay.swift */; };
		9EFD3B798B12332B70760A7C /* TimerDisplay.swift in Sources */ = {isa = PBXBuildFile; fileRef = DD5A8A98441733A2D90C0F0A /* TimerDisplay.swift */; };
		A9187C38CAC172B20C02337C /* HapticManager.swift in Sources */ = {isa = PBXBuildFile; fileRef = BDDC03AB831B3211994AD463 /* HapticManager.swift */; };
		AB45B855320AA05C248F67BB /* GalleryButtonView.swift in Sources */ = {isa = PBXBuildFile; fileRef = EBA526A6A08A8B3A76B6EC01 /* GalleryButtonView.swift */; };
		AE762C704D97A228FAE03CE9 /* SettingsViewModel.swift in Sources */ = {isa = PBXBuildFile; fileRef = FD860A403E289022C4AD993C /* SettingsViewModel.swift */; };
		B308F1D9749B92DF7528FDDF /* GalleryThumbnail.swift in Sources */ = {isa = PBXBuildFile; fileRef = 57C0820505B87A6CE6E763B5 /* GalleryThumbnail.swift */; };
		B899CA84C01D401CB587B23AC822643E /* VideoOutput.swift in Sources */ = {isa = PBXBuildFile; fileRef = 547712BF60D04DCAA0994453E44856F0 /* VideoOutput.swift */; };
		CF8EE310388C41AA97C908E9306E1A95 /* RecordButton.swift in Sources */ = {isa = PBXBuildFile; fileRef = E5907F2080684009A1CA7CFD1C10DEB3 /* RecordButton.swift */; };
		D2260DC3ABC74A588FEAA9AEFF931559 /* ControlPanel.swift in Sources */ = {isa = PBXBuildFile; fileRef = DB0DF098A4244D99945203D7C890DD02 /* ControlPanel.swift */; };
		D74988C1DB675617D96AD039 /* SubscriptionManager.swift in Sources */ = {isa = PBXBuildFile; fileRef = C19AE9C5DF494E8D98E1905E /* SubscriptionManager.swift */; };
		E63152C084E94B2F8FE6AE24C0310982 /* CameraPosition.swift in Sources */ = {isa = PBXBuildFile; fileRef = 79474498503C44C1BB5B642205F90C94 /* CameraPosition.swift */; };
		E7EDD670D72E4E98A6619FF8EA0432C2 /* ContentView.swift in Sources */ = {isa = PBXBuildFile; fileRef = E13D1194C5F24F55864DCFA50DE17C9E /* ContentView.swift */; };
		F47A61FB702B4A7095390DF647D58238 /* CameraPreviewView.swift in Sources */ = {isa = PBXBuildFile; fileRef = EE49A6EA3698450796737762C4AAAE36 /* CameraPreviewView.swift */; };
		FBDFD835457548CDB013EC6D7BC9443A /* CameraViewModel.swift in Sources */ = {isa = PBXBuildFile; fileRef = 429106A385EF4F8688801E40B26F675C /* CameraViewModel.swift */; };
/* End PBXBuildFile section */

/* Begin PBXFileReference section */
		07E300F6722F4BA69CAD6116942BF12B /* DualLensPro.app */ = {isa = PBXFileReference; explicitFileType = wrapper.application; includeInIndex = 0; path = DualLensPro.app; sourceTree = BUILT_PRODUCTS_DIR; };
		116DC056E3414CA280B0BB4561269946 /* DualCameraManager.swift */ = {isa = PBXFileReference; lastKnownFileType = sourcecode.swift; path = DualCameraManager.swift; sourceTree = "<group>"; };
		40AAFA5B7339E6421FC257FE /* PhotoLibraryService.swift */ = {isa = PBXFileReference; lastKnownFileType = sourcecode.swift; path = PhotoLibraryService.swift; sourceTree = "<group>"; };
		429106A385EF4F8688801E40B26F675C /* CameraViewModel.swift */ = {isa = PBXFileReference; lastKnownFileType = sourcecode.swift; path = CameraViewModel.swift; sourceTree = "<group>"; };
		45D31302588846D887C954AC90343832 /* Info.plist */ = {isa = PBXFileReference; lastKnownFileType = text.plist.xml; path = Info.plist; sourceTree = "<group>"; };
		45D40699E0C54B34A3C2FAFB302B124A /* GridOverlay.swift */ = {isa = PBXFileReference; lastKnownFileType = sourcecode.swift; path = GridOverlay.swift; sourceTree = "<group>"; };
		547712BF60D04DCAA0994453E44856F0 /* VideoOutput.swift */ = {isa = PBXFileReference; lastKnownFileType = sourcecode.swift; path = VideoOutput.swift; sourceTree = "<group>"; };
		57C0820505B87A6CE6E763B5 /* GalleryThumbnail.swift */ = {isa = PBXFileReference; lastKnownFileType = sourcecode.swift; path = GalleryThumbnail.swift; sourceTree = "<group>"; };
		6204DFF1975846BEA2F90766027AEAB3 /* DualLensProApp.swift */ = {isa = PBXFileReference; lastKnownFileType = sourcecode.swift; path = DualLensProApp.swift; sourceTree = "<group>"; };
		68E3398A0DE28D565958AA48 /* ZoomControl.swift */ = {isa = PBXFileReference; lastKnownFileType = sourcecode.swift; path = ZoomControl.swift; sourceTree = "<group>"; };
		6E889333AECFA0A37307210D /* AspectRatioButton.swift */ = {isa = PBXFileReference; lastKnownFileType = sourcecode.swift; path = AspectRatioButton.swift; sourceTree = "<group>"; };
		79474498503C44C1BB5B642205F90C94 /* CameraPosition.swift */ = {isa = PBXFileReference; lastKnownFileType = sourcecode.swift; path = CameraPosition.swift; sourceTree = "<group>"; };
		7C52A261536B4DF9884C339B2EA9BF5C /* CameraLabel.swift */ = {isa = PBXFileReference; lastKnownFileType = sourcecode.swift; path = CameraLabel.swift; sourceTree = "<group>"; };
		7CD31B5A9C2699430B988D53 /* RecordingLimitWarningView.swift */ = {isa = PBXFileReference; lastKnownFileType = sourcecode.swift; path = RecordingLimitWarningView.swift; sourceTree = "<group>"; };
		84E85F453B934DDCA89888BC4DAB45F1 /* PermissionView.swift */ = {isa = PBXFileReference; lastKnownFileType = sourcecode.swift; path = PermissionView.swift; sourceTree = "<group>"; };
		878B76AF4184B7E3FF70C46E /* TimerCountdownView.swift */ = {isa = PBXFileReference; lastKnownFileType = sourcecode.swift; path = TimerCountdownView.swift; sourceTree = "<group>"; };
		92C316F8CDAFCFA96B2BF88D /* PremiumUpgradeView.swift */ = {isa = PBXFileReference; lastKnownFileType = sourcecode.swift; path = PremiumUpgradeView.swift; sourceTree = "<group>"; };
		92FBAED9CF9D4A368447E4566D7F9264 /* Assets.xcassets */ = {isa = PBXFileReference; lastKnownFileType = folder.assetcatalog; path = Assets.xcassets; sourceTree = "<group>"; };
		9DDD32C5C3AC03734263522B /* CaptureMode.swift */ = {isa = PBXFileReference; lastKnownFileType = sourcecode.swift; path = CaptureMode.swift; sourceTree = "<group>"; };
		A6FC3C369C7DB6CC8202A073 /* PremiumUpgradeButton.swift */ = {isa = PBXFileReference; lastKnownFileType = sourcecode.swift; path = PremiumUpgradeButton.swift; sourceTree = "<group>"; };
		A8095C99A3EF4910A30AC59CFF8612D1 /* RecordingState.swift */ = {isa = PBXFileReference; lastKnownFileType = sourcecode.swift; path = RecordingState.swift; sourceTree = "<group>"; };
		AD32DF5E5BE044A18FF3F687E91535BE /* RecordingIndicator.swift */ = {isa = PBXFileReference; lastKnownFileType = sourcecode.swift; path = RecordingIndicator.swift; sourceTree = "<group>"; };
		AD5DBDB342F72CDC025A563F /* AdvancedControlsView.swift */ = {isa = PBXFileReference; lastKnownFileType = sourcecode.swift; path = AdvancedControlsView.swift; sourceTree = "<group>"; };
		AE87C23CF29E890548E4E208 /* ModeSelectorView.swift */ = {isa = PBXFileReference; lastKnownFileType = sourcecode.swift; path = ModeSelectorView.swift; sourceTree = "<group>"; };
		BDDC03AB831B3211994AD463 /* HapticManager.swift */ = {isa = PBXFileReference; lastKnownFileType = sourcecode.swift; path = HapticManager.swift; sourceTree = "<group>"; };
		C0E730F0A2E0FD8F23D32FFB /* GalleryViewModel.swift */ = {isa = PBXFileReference; lastKnownFileType = sourcecode.swift; path = GalleryViewModel.swift; sourceTree = "<group>"; };
		C1699D10C6D68C13DBA54629 /* ModeSelector.swift */ = {isa = PBXFileReference; lastKnownFileType = sourcecode.swift; path = ModeSelector.swift; sourceTree = "<group>"; };
		C19AE9C5DF494E8D98E1905E /* SubscriptionManager.swift */ = {isa = PBXFileReference; lastKnownFileType = sourcecode.swift; path = SubscriptionManager.swift; sourceTree = "<group>"; };
		D130B1CC4A4D407EA134161D6C50EDBA /* SettingsView.swift */ = {isa = PBXFileReference; lastKnownFileType = sourcecode.swift; path = SettingsView.swift; sourceTree = "<group>"; };
		DB0DF098A4244D99945203D7C890DD02 /* ControlPanel.swift */ = {isa = PBXFileReference; lastKnownFileType = sourcecode.swift; path = ControlPanel.swift; sourceTree = "<group>"; };
		DD5A8A98441733A2D90C0F0A /* TimerDisplay.swift */ = {isa = PBXFileReference; lastKnownFileType = sourcecode.swift; path = TimerDisplay.swift; sourceTree = "<group>"; };
		DF4AB8B5642247F485F793FCA15EC10B /* CameraConfiguration.swift */ = {isa = PBXFileReference; lastKnownFileType = sourcecode.swift; path = CameraConfiguration.swift; sourceTree = "<group>"; };
		E13D1194C5F24F55864DCFA50DE17C9E /* ContentView.swift */ = {isa = PBXFileReference; lastKnownFileType = sourcecode.swift; path = ContentView.swift; sourceTree = "<group>"; };
		E5907F2080684009A1CA7CFD1C10DEB3 /* RecordButton.swift */ = {isa = PBXFileReference; lastKnownFileType = sourcecode.swift; path = RecordButton.swift; sourceTree = "<group>"; };
		EBA526A6A08A8B3A76B6EC01 /* GalleryButtonView.swift */ = {isa = PBXFileReference; lastKnownFileType = sourcecode.swift; path = GalleryButtonView.swift; sourceTree = "<group>"; };
		EE49A6EA3698450796737762C4AAAE36 /* CameraPreviewView.swift */ = {isa = PBXFileReference; lastKnownFileType = sourcecode.swift; path = CameraPreviewView.swift; sourceTree = "<group>"; };
		EF8E16A415184B3DB6C1547BEA35E2E5 /* DualCameraView.swift */ = {isa = PBXFileReference; lastKnownFileType = sourcecode.swift; path = DualCameraView.swift; sourceTree = "<group>"; };
		F8BC9AA5484E0EC7BA9620AA /* ZoomControlView.swift */ = {isa = PBXFileReference; lastKnownFileType = sourcecode.swift; path = ZoomControlView.swift; sourceTree = "<group>"; };
		FCC9A6A62EADC36500C863CB /* Info.plist */ = {isa = PBXFileReference; lastKnownFileType = text.plist.xml; path = Info.plist; sourceTree = "<group>"; };
		FD860A403E289022C4AD993C /* SettingsViewModel.swift */ = {isa = PBXFileReference; lastKnownFileType = sourcecode.swift; path = SettingsViewModel.swift; sourceTree = "<group>"; };
		FDB4C09FF5CC46CABF18F52ECC339343 /* GlassEffect.swift */ = {isa = PBXFileReference; lastKnownFileType = sourcecode.swift; path = GlassEffect.swift; sourceTree = "<group>"; };
/* End PBXFileReference section */

/* Begin PBXFrameworksBuildPhase section */
		EBA9BEDE5EF840539956B366063C6987 /* Frameworks */ = {
			isa = PBXFrameworksBuildPhase;
			buildActionMask = 2147483647;
			files = (
			);
			runOnlyForDeploymentPostprocessing = 0;
		};
/* End PBXFrameworksBuildPhase section */

/* Begin PBXGroup section */
		2D23C35F733D4D94B7208682AEFEC8FE /* Products */ = {
			isa = PBXGroup;
			children = (
				07E300F6722F4BA69CAD6116942BF12B /* DualLensPro.app */,
			);
			name = Products;
			sourceTree = "<group>";
		};
		3120F284404B46AEA40B74A15479E39A /* ViewModels */ = {
			isa = PBXGroup;
			children = (
				FD860A403E289022C4AD993C /* SettingsViewModel.swift */,
				C0E730F0A2E0FD8F23D32FFB /* GalleryViewModel.swift */,
				429106A385EF4F8688801E40B26F675C /* CameraViewModel.swift */,
			);
			path = ViewModels;
			sourceTree = "<group>";
		};
		481BF5B22FEE8BE4A4154B0B /* Services */ = {
			isa = PBXGroup;
			children = (
				40AAFA5B7339E6421FC257FE /* PhotoLibraryService.swift */,
			);
			path = Services;
			sourceTree = "<group>";
		};
		62B5C88C32F544AF85CCF17E2A2CE316 /* Models */ = {
			isa = PBXGroup;
			children = (
				9DDD32C5C3AC03734263522B /* CaptureMode.swift */,
				79474498503C44C1BB5B642205F90C94 /* CameraPosition.swift */,
				DF4AB8B5642247F485F793FCA15EC10B /* CameraConfiguration.swift */,
				547712BF60D04DCAA0994453E44856F0 /* VideoOutput.swift */,
				A8095C99A3EF4910A30AC59CFF8612D1 /* RecordingState.swift */,
			);
			path = Models;
			sourceTree = "<group>";
		};
		6E6B8B0F1EFC406AA805416C0E0CD4F1 = {
			isa = PBXGroup;
			children = (
				F93A0B7E7DFB4EAC86682746B1BEA55A /* DualLensPro */,
				2D23C35F733D4D94B7208682AEFEC8FE /* Products */,
				FCC9A6A62EADC36500C863CB /* Info.plist */,
			);
			sourceTree = "<group>";
		};
		79E9A74333194C17B715EFA2C2E6F8BE /* Extensions */ = {
			isa = PBXGroup;
			children = (
				FDB4C09FF5CC46CABF18F52ECC339343 /* GlassEffect.swift */,
			);
			path = Extensions;
			sourceTree = "<group>";
		};
		83C3B16EFEED45EAAB87ADB360FBDA7D /* Views */ = {
			isa = PBXGroup;
			children = (
				A0A4D566241041E20CCA0562 /* Components */,
				AE87C23CF29E890548E4E208 /* ModeSelectorView.swift */,
				92C316F8CDAFCFA96B2BF88D /* PremiumUpgradeView.swift */,
				F8BC9AA5484E0EC7BA9620AA /* ZoomControlView.swift */,
				EBA526A6A08A8B3A76B6EC01 /* GalleryButtonView.swift */,
				AD5DBDB342F72CDC025A563F /* AdvancedControlsView.swift */,
				7CD31B5A9C2699430B988D53 /* RecordingLimitWarningView.swift */,
				878B76AF4184B7E3FF70C46E /* TimerCountdownView.swift */,
				D130B1CC4A4D407EA134161D6C50EDBA /* SettingsView.swift */,
				EE49A6EA3698450796737762C4AAAE36 /* CameraPreviewView.swift */,
				7C52A261536B4DF9884C339B2EA9BF5C /* CameraLabel.swift */,
				DB0DF098A4244D99945203D7C890DD02 /* ControlPanel.swift */,
				84E85F453B934DDCA89888BC4DAB45F1 /* PermissionView.swift */,
				AD32DF5E5BE044A18FF3F687E91535BE /* RecordingIndicator.swift */,
				45D40699E0C54B34A3C2FAFB302B124A /* GridOverlay.swift */,
				EF8E16A415184B3DB6C1547BEA35E2E5 /* DualCameraView.swift */,
				E5907F2080684009A1CA7CFD1C10DEB3 /* RecordButton.swift */,
			);
			path = Views;
			sourceTree = "<group>";
		};
		A0A4D566241041E20CCA0562 /* Components */ = {
			isa = PBXGroup;
			children = (
				C1699D10C6D68C13DBA54629 /* ModeSelector.swift */,
				DD5A8A98441733A2D90C0F0A /* TimerDisplay.swift */,
				A6FC3C369C7DB6CC8202A073 /* PremiumUpgradeButton.swift */,
				68E3398A0DE28D565958AA48 /* ZoomControl.swift */,
				6E889333AECFA0A37307210D /* AspectRatioButton.swift */,
				57C0820505B87A6CE6E763B5 /* GalleryThumbnail.swift */,
			);
			path = Components;
			sourceTree = "<group>";
		};
		D4B55C86A34442048E34CFE997277E9D /* Managers */ = {
			isa = PBXGroup;
			children = (
				BDDC03AB831B3211994AD463 /* HapticManager.swift */,
				C19AE9C5DF494E8D98E1905E /* SubscriptionManager.swift */,
				116DC056E3414CA280B0BB4561269946 /* DualCameraManager.swift */,
			);
			path = Managers;
			sourceTree = "<group>";
		};
		F93A0B7E7DFB4EAC86682746B1BEA55A /* DualLensPro */ = {
			isa = PBXGroup;
			children = (
				6204DFF1975846BEA2F90766027AEAB3 /* DualLensProApp.swift */,
				E13D1194C5F24F55864DCFA50DE17C9E /* ContentView.swift */,
				D4B55C86A34442048E34CFE997277E9D /* Managers */,
				3120F284404B46AEA40B74A15479E39A /* ViewModels */,
				62B5C88C32F544AF85CCF17E2A2CE316 /* Models */,
				83C3B16EFEED45EAAB87ADB360FBDA7D /* Views */,
				481BF5B22FEE8BE4A4154B0B /* Services */,
				79E9A74333194C17B715EFA2C2E6F8BE /* Extensions */,
				92FBAED9CF9D4A368447E4566D7F9264 /* Assets.xcassets */,
				45D31302588846D887C954AC90343832 /* Info.plist */,
			);
			path = DualLensPro;
			sourceTree = "<group>";
		};
/* End PBXGroup section */

/* Begin PBXNativeTarget section */
		61B094C25CF747EF9AAD2390AB118321 /* DualLensPro */ = {
			isa = PBXNativeTarget;
			buildConfigurationList = C4EA8E493E6F4FE1BCA48EA696E5A6E0 /* Build configuration list for PBXNativeTarget "DualLensPro" */;
			buildPhases = (
				A70ADCA4720C46EB90EBBA59869C41EC /* Sources */,
				EBA9BEDE5EF840539956B366063C6987 /* Frameworks */,
				52B0D66777CF4175B7C55107551CB185 /* Resources */,
			);
			buildRules = (
			);
			dependencies = (
			);
			name = DualLensPro;
			productName = DualLensPro;
			productReference = 07E300F6722F4BA69CAD6116942BF12B /* DualLensPro.app */;
			productType = "com.apple.product-type.application";
		};
/* End PBXNativeTarget section */

/* Begin PBXProject section */
		B1A8430E10C4462DA37D800CAAC0E3E1 /* Project object */ = {
			isa = PBXProject;
			attributes = {
				BuildIndependentTargetsInParallel = 1;
				LastSwiftUpdateCheck = 1600;
				LastUpgradeCheck = 1600;
				TargetAttributes = {
					61B094C25CF747EF9AAD2390AB118321 = {
						CreatedOnToolsVersion = 16.0;
					};
				};
			};
			buildConfigurationList = 369146F139C94B869892B0ACABA9891A /* Build configuration list for PBXProject "DualLensPro" */;
			compatibilityVersion = "Xcode 14.0";
			developmentRegion = en;
			hasScannedForEncodings = 0;
			knownRegions = (
				en,
				Base,
			);
			mainGroup = 6E6B8B0F1EFC406AA805416C0E0CD4F1;
			productRefGroup = 2D23C35F733D4D94B7208682AEFEC8FE /* Products */;
			projectDirPath = "";
			projectRoot = "";
			targets = (
				61B094C25CF747EF9AAD2390AB118321 /* DualLensPro */,
			);
		};
/* End PBXProject section */

/* Begin PBXResourcesBuildPhase section */
		52B0D66777CF4175B7C55107551CB185 /* Resources */ = {
			isa = PBXResourcesBuildPhase;
			buildActionMask = 2147483647;
			files = (
				7C56031A8A0B487CBA8D21A6023445A0 /* Assets.xcassets in Resources */,
			);
			runOnlyForDeploymentPostprocessing = 0;
		};
/* End PBXResourcesBuildPhase section */

/* Begin PBXSourcesBuildPhase section */
		A70ADCA4720C46EB90EBBA59869C41EC /* Sources */ = {
			isa = PBXSourcesBuildPhase;
			buildActionMask = 2147483647;
			files = (
				780C7E4EDB564945AFE9120D35E858FF /* DualLensProApp.swift in Sources */,
				E7EDD670D72E4E98A6619FF8EA0432C2 /* ContentView.swift in Sources */,
				715F45837CD34CBAB78C6B7703AFC8E5 /* DualCameraManager.swift in Sources */,
				FBDFD835457548CDB013EC6D7BC9443A /* CameraViewModel.swift in Sources */,
				E63152C084E94B2F8FE6AE24C0310982 /* CameraPosition.swift in Sources */,
				23F2CE126CE94684A931C2D86A454125 /* CameraConfiguration.swift in Sources */,
				B899CA84C01D401CB587B23AC822643E /* VideoOutput.swift in Sources */,
				00A67028FB3E453DAA5952E8C68DECC7 /* RecordingState.swift in Sources */,
				44EC9CDFCCC94459B46A4DDFF1D46A83 /* GlassEffect.swift in Sources */,
				69946CC0A9684DDE82E3760FD11998E2 /* SettingsView.swift in Sources */,
				F47A61FB702B4A7095390DF647D58238 /* CameraPreviewView.swift in Sources */,
				41316D26A71A48EEA14207102E859201 /* CameraLabel.swift in Sources */,
				D2260DC3ABC74A588FEAA9AEFF931559 /* ControlPanel.swift in Sources */,
				419F3AB0FF6943B3B37719CC7A471E34 /* PermissionView.swift in Sources */,
				5CE94F1CDC8140CE8ADC22C0FA13086A /* RecordingIndicator.swift in Sources */,
				9E4A11B3E5A34638BC133829FAA73124 /* GridOverlay.swift in Sources */,
				20E76300D3EE47AB953940282B5D25FA /* DualCameraView.swift in Sources */,
				CF8EE310388C41AA97C908E9306E1A95 /* RecordButton.swift in Sources */,
				8D02213DC71997315D8AE8C6 /* ModeSelector.swift in Sources */,
				9EFD3B798B12332B70760A7C /* TimerDisplay.swift in Sources */,
				83804F8EAFABC7D7FAA2500C /* PremiumUpgradeButton.swift in Sources */,
				51200C05E5C29189ED6B8AF3 /* ZoomControl.swift in Sources */,
				960A5DA24588F26ED18E5903 /* AspectRatioButton.swift in Sources */,
				B308F1D9749B92DF7528FDDF /* GalleryThumbnail.swift in Sources */,
				895F9277571725B7CFEC17A3 /* ModeSelectorView.swift in Sources */,
				714C046E82B8DC623CFD84D1 /* PremiumUpgradeView.swift in Sources */,
				8BDED1C8BD16C091EB45D296 /* ZoomControlView.swift in Sources */,
				AB45B855320AA05C248F67BB /* GalleryButtonView.swift in Sources */,
				40DA51F71067ADCB361C121A /* AdvancedControlsView.swift in Sources */,
				92A1E52008B0DF93A3B8351C /* RecordingLimitWarningView.swift in Sources */,
				9695D2CE56BE337E370B6D7B /* TimerCountdownView.swift in Sources */,
				A9187C38CAC172B20C02337C /* HapticManager.swift in Sources */,
				D74988C1DB675617D96AD039 /* SubscriptionManager.swift in Sources */,
				120299DFCF937CAFED5000C4 /* CaptureMode.swift in Sources */,
				AE762C704D97A228FAE03CE9 /* SettingsViewModel.swift in Sources */,
				54D33078169781FA90A898DE /* GalleryViewModel.swift in Sources */,
				8E0ABAFF27D1589F175F9A90 /* PhotoLibraryService.swift in Sources */,
			);
			runOnlyForDeploymentPostprocessing = 0;
		};
/* End PBXSourcesBuildPhase section */

/* Begin XCBuildConfiguration section */
		0AB635C0EB7D484880C8FE50F27D86AE /* Debug */ = {
			isa = XCBuildConfiguration;
			buildSettings = {
				ALWAYS_SEARCH_USER_PATHS = NO;
				ASSETCATALOG_COMPILER_GENERATE_SWIFT_ASSET_SYMBOL_EXTENSIONS = YES;
				CLANG_ANALYZER_NONNULL = YES;
				CLANG_ANALYZER_NUMBER_OBJECT_CONVERSION = YES_AGGRESSIVE;
				CLANG_CXX_LANGUAGE_STANDARD = "gnu++20";
				CLANG_ENABLE_MODULES = YES;
				CLANG_ENABLE_OBJC_ARC = YES;
				CLANG_ENABLE_OBJC_WEAK = YES;
				CLANG_WARN_BLOCK_CAPTURE_AUTORELEASING = YES;
				CLANG_WARN_BOOL_CONVERSION = YES;
				CLANG_WARN_COMMA = YES;
				CLANG_WARN_CONSTANT_CONVERSION = YES;
				CLANG_WARN_DEPRECATED_OBJC_IMPLEMENTATIONS = YES;
				CLANG_WARN_DIRECT_OBJC_ISA_USAGE = YES_ERROR;
				CLANG_WARN_DOCUMENTATION_COMMENTS = YES;
				CLANG_WARN_EMPTY_BODY = YES;
				CLANG_WARN_ENUM_CONVERSION = YES;
				CLANG_WARN_INFINITE_RECURSION = YES;
				CLANG_WARN_INT_CONVERSION = YES;
				CLANG_WARN_NON_LITERAL_NULL_CONVERSION = YES;
				CLANG_WARN_OBJC_IMPLICIT_RETAIN_SELF = YES;
				CLANG_WARN_OBJC_LITERAL_CONVERSION = YES;
				CLANG_WARN_OBJC_ROOT_CLASS = YES_ERROR;
				CLANG_WARN_QUOTED_INCLUDE_IN_FRAMEWORK_HEADER = YES;
				CLANG_WARN_RANGE_LOOP_ANALYSIS = YES;
				CLANG_WARN_STRICT_PROTOTYPES = YES;
				CLANG_WARN_SUSPICIOUS_MOVE = YES;
				CLANG_WARN_UNGUARDED_AVAILABILITY = YES_AGGRESSIVE;
				CLANG_WARN_UNREACHABLE_CODE = YES;
				CLANG_WARN__DUPLICATE_METHOD_MATCH = YES;
				COPY_PHASE_STRIP = NO;
				DEBUG_INFORMATION_FORMAT = dwarf;
				ENABLE_STRICT_OBJC_MSGSEND = YES;
				ENABLE_TESTABILITY = YES;
				ENABLE_USER_SCRIPT_SANDBOXING = YES;
				GCC_C_LANGUAGE_STANDARD = gnu17;
				GCC_DYNAMIC_NO_PIC = NO;
				GCC_NO_COMMON_BLOCKS = YES;
				GCC_OPTIMIZATION_LEVEL = 0;
				GCC_PREPROCESSOR_DEFINITIONS = (
					"DEBUG=1",
					"$(inherited)",
				);
				GCC_WARN_64_TO_32_BIT_CONVERSION = YES;
				GCC_WARN_ABOUT_RETURN_TYPE = YES_ERROR;
				GCC_WARN_UNDECLARED_SELECTOR = YES;
				GCC_WARN_UNINITIALIZED_AUTOS = YES_AGGRESSIVE;
				GCC_WARN_UNUSED_FUNCTION = YES;
				GCC_WARN_UNUSED_VARIABLE = YES;
				IPHONEOS_DEPLOYMENT_TARGET = 18.0;
				LOCALIZATION_PREFERS_STRING_CATALOGS = YES;
				MTL_ENABLE_DEBUG_INFO = INCLUDE_SOURCE;
				MTL_FAST_MATH = YES;
				ONLY_ACTIVE_ARCH = YES;
				SDKROOT = iphoneos;
				SWIFT_ACTIVE_COMPILATION_CONDITIONS = "DEBUG $(inherited)";
				SWIFT_OPTIMIZATION_LEVEL = "-Onone";
			};
			name = Debug;
		};
		3B28ECD4C8BF4718BD4860FD6B5390A5 /* Debug */ = {
			isa = XCBuildConfiguration;
			buildSettings = {
				ASSETCATALOG_COMPILER_APPICON_NAME = AppIcon;
				ASSETCATALOG_COMPILER_GLOBAL_ACCENT_COLOR_NAME = AccentColor;
				CODE_SIGN_STYLE = Automatic;
				CURRENT_PROJECT_VERSION = 1;
				DEVELOPMENT_ASSET_PATHS = "\"DualLensPro/Preview Content\"";
				DEVELOPMENT_TEAM = Y4NZ65U5X7;
				ENABLE_PREVIEWS = YES;
				GENERATE_INFOPLIST_FILE = YES;
				INFOPLIST_FILE = DualLensPro/Info.plist;
				INFOPLIST_KEY_NSCameraUsageDescription = "DualLens Pro needs access to both cameras to record dual camera videos";
				INFOPLIST_KEY_NSMicrophoneUsageDescription = "DualLens Pro needs access to the microphone to record audio with videos";
				INFOPLIST_KEY_NSPhotoLibraryAddUsageDescription = "DualLens Pro needs access to save your recorded videos to the photo library";
				INFOPLIST_KEY_UIApplicationSceneManifest_Generation = YES;
				INFOPLIST_KEY_UIApplicationSupportsIndirectInputEvents = YES;
				INFOPLIST_KEY_UILaunchScreen_Generation = YES;
				INFOPLIST_KEY_UISupportedInterfaceOrientations = UIInterfaceOrientationPortrait;
				INFOPLIST_KEY_UISupportedInterfaceOrientations_iPad = "UIInterfaceOrientationPortrait UIInterfaceOrientationPortraitUpsideDown UIInterfaceOrientationLandscapeLeft UIInterfaceOrientationLandscapeRight";
				IPHONEOS_DEPLOYMENT_TARGET = 18.0;
				LD_RUNPATH_SEARCH_PATHS = (
					"$(inherited)",
					"@executable_path/Frameworks",
				);
				MARKETING_VERSION = 1.0;
				PRODUCT_BUNDLE_IDENTIFIER = com.duallens.pro;
				PRODUCT_NAME = "$(TARGET_NAME)";
				SWIFT_EMIT_LOC_STRINGS = YES;
				SWIFT_VERSION = 6.0;
				TARGETED_DEVICE_FAMILY = "1,2";
			};
			name = Debug;
		};
		482250E6F3A74C2A8F83519F187F14A8 /* Release */ = {
			isa = XCBuildConfiguration;
			buildSettings = {
				ALWAYS_SEARCH_USER_PATHS = NO;
				ASSETCATALOG_COMPILER_GENERATE_SWIFT_ASSET_SYMBOL_EXTENSIONS = YES;
				CLANG_ANALYZER_NONNULL = YES;
				CLANG_ANALYZER_NUMBER_OBJECT_CONVERSION = YES_AGGRESSIVE;
				CLANG_CXX_LANGUAGE_STANDARD = "gnu++20";
				CLANG_ENABLE_MODULES = YES;
				CLANG_ENABLE_OBJC_ARC = YES;
				CLANG_ENABLE_OBJC_WEAK = YES;
				CLANG_WARN_BLOCK_CAPTURE_AUTORELEASING = YES;
				CLANG_WARN_BOOL_CONVERSION = YES;
				CLANG_WARN_COMMA = YES;
				CLANG_WARN_CONSTANT_CONVERSION = YES;
				CLANG_WARN_DEPRECATED_OBJC_IMPLEMENTATIONS = YES;
				CLANG_WARN_DIRECT_OBJC_ISA_USAGE = YES_ERROR;
				CLANG_WARN_DOCUMENTATION_COMMENTS = YES;
				CLANG_WARN_EMPTY_BODY = YES;
				CLANG_WARN_ENUM_CONVERSION = YES;
				CLANG_WARN_INFINITE_RECURSION = YES;
				CLANG_WARN_INT_CONVERSION = YES;
				CLANG_WARN_NON_LITERAL_NULL_CONVERSION = YES;
				CLANG_WARN_OBJC_IMPLICIT_RETAIN_SELF = YES;
				CLANG_WARN_OBJC_LITERAL_CONVERSION = YES;
				CLANG_WARN_OBJC_ROOT_CLASS = YES_ERROR;
				CLANG_WARN_QUOTED_INCLUDE_IN_FRAMEWORK_HEADER = YES;
				CLANG_WARN_RANGE_LOOP_ANALYSIS = YES;
				CLANG_WARN_STRICT_PROTOTYPES = YES;
				CLANG_WARN_SUSPICIOUS_MOVE = YES;
				CLANG_WARN_UNGUARDED_AVAILABILITY = YES_AGGRESSIVE;
				CLANG_WARN_UNREACHABLE_CODE = YES;
				CLANG_WARN__DUPLICATE_METHOD_MATCH = YES;
				COPY_PHASE_STRIP = NO;
				DEBUG_INFORMATION_FORMAT = "dwarf-with-dsym";
				ENABLE_NS_ASSERTIONS = NO;
				ENABLE_STRICT_OBJC_MSGSEND = YES;
				ENABLE_USER_SCRIPT_SANDBOXING = YES;
				GCC_C_LANGUAGE_STANDARD = gnu17;
				GCC_NO_COMMON_BLOCKS = YES;
				GCC_WARN_64_TO_32_BIT_CONVERSION = YES;
				GCC_WARN_ABOUT_RETURN_TYPE = YES_ERROR;
				GCC_WARN_UNDECLARED_SELECTOR = YES;
				GCC_WARN_UNINITIALIZED_AUTOS = YES_AGGRESSIVE;
				GCC_WARN_UNUSED_FUNCTION = YES;
				GCC_WARN_UNUSED_VARIABLE = YES;
				IPHONEOS_DEPLOYMENT_TARGET = 18.0;
				LOCALIZATION_PREFERS_STRING_CATALOGS = YES;
				MTL_ENABLE_DEBUG_INFO = NO;
				MTL_FAST_MATH = YES;
				SDKROOT = iphoneos;
				SWIFT_COMPILATION_MODE = wholemodule;
				VALIDATE_PRODUCT = YES;
			};
			name = Release;
		};
		D0373B61BB5F4C4381B6F987DD70E736 /* Release */ = {
			isa = XCBuildConfiguration;
			buildSettings = {
				ASSETCATALOG_COMPILER_APPICON_NAME = AppIcon;
				ASSETCATALOG_COMPILER_GLOBAL_ACCENT_COLOR_NAME = AccentColor;
				CODE_SIGN_STYLE = Automatic;
				CURRENT_PROJECT_VERSION = 1;
				DEVELOPMENT_ASSET_PATHS = "\"DualLensPro/Preview Content\"";
				DEVELOPMENT_TEAM = Y4NZ65U5X7;
				ENABLE_PREVIEWS = YES;
				GENERATE_INFOPLIST_FILE = YES;
				INFOPLIST_FILE = DualLensPro/Info.plist;
				INFOPLIST_KEY_NSCameraUsageDescription = "DualLens Pro needs access to both cameras to record dual camera videos";
				INFOPLIST_KEY_NSMicrophoneUsageDescription = "DualLens Pro needs access to the microphone to record audio with videos";
				INFOPLIST_KEY_NSPhotoLibraryAddUsageDescription = "DualLens Pro needs access to save your recorded videos to the photo library";
				INFOPLIST_KEY_UIApplicationSceneManifest_Generation = YES;
				INFOPLIST_KEY_UIApplicationSupportsIndirectInputEvents = YES;
				INFOPLIST_KEY_UILaunchScreen_Generation = YES;
				INFOPLIST_KEY_UISupportedInterfaceOrientations = UIInterfaceOrientationPortrait;
				INFOPLIST_KEY_UISupportedInterfaceOrientations_iPad = "UIInterfaceOrientationPortrait UIInterfaceOrientationPortraitUpsideDown UIInterfaceOrientationLandscapeLeft UIInterfaceOrientationLandscapeRight";
				IPHONEOS_DEPLOYMENT_TARGET = 18.0;
				LD_RUNPATH_SEARCH_PATHS = (
					"$(inherited)",
					"@executable_path/Frameworks",
				);
				MARKETING_VERSION = 1.0;
				PRODUCT_BUNDLE_IDENTIFIER = com.duallens.pro;
				PRODUCT_NAME = "$(TARGET_NAME)";
				SWIFT_EMIT_LOC_STRINGS = YES;
				SWIFT_VERSION = 6.0;
				TARGETED_DEVICE_FAMILY = "1,2";
			};
			name = Release;
		};
/* End XCBuildConfiguration section */

/* Begin XCConfigurationList section */
		369146F139C94B869892B0ACABA9891A /* Build configuration list for PBXProject "DualLensPro" */ = {
			isa = XCConfigurationList;
			buildConfigurations = (
				0AB635C0EB7D484880C8FE50F27D86AE /* Debug */,
				482250E6F3A74C2A8F83519F187F14A8 /* Release */,
			);
			defaultConfigurationIsVisible = 0;
			defaultConfigurationName = Release;
		};
		C4EA8E493E6F4FE1BCA48EA696E5A6E0 /* Build configuration list for PBXNativeTarget "DualLensPro" */ = {
			isa = XCConfigurationList;
			buildConfigurations = (
				3B28ECD4C8BF4718BD4860FD6B5390A5 /* Debug */,
				D0373B61BB5F4C4381B6F987DD70E736 /* Release */,
			);
			defaultConfigurationIsVisible = 0;
			defaultConfigurationName = Release;
		};
/* End XCConfigurationList section */
	};
	rootObject = B1A8430E10C4462DA37D800CAAC0E3E1 /* Project object */;
}
